
Microsoft Visual Studio Solution File, Format Version 12.00
# Visual Studio Version 17
VisualStudioVersion = 17.0.31919.166
MinimumVisualStudioVersion = 10.0.40219.1
Project("{8BC9CEB8-8B4A-11D0-8D11-00A0C91BC942}") = "上课1月8号", "上课1月8号\上课1月8号.vcxproj", "{8BBE6850-F581-4229-B2B6-CBFC84E14121}"
EndProject
Global
	GlobalSection(SolutionConfigurationPlatforms) = preSolution
		Debug|x64 = Debug|x64
		Debug|x86 = Debug|x86
		Release|x64 = Release|x64
		Release|x86 = Release|x86
	EndGlobalSection
	GlobalSection(ProjectConfigurationPlatforms) = postSolution
		{8BBE6850-F581-4229-B2B6-CBFC84E14121}.Debug|x64.ActiveCfg = Debug|x64
		{8BBE6850-F581-4229-B2B6-CBFC84E14121}.Debug|x64.Build.0 = Debug|x64
		{8BBE6850-F581-4229-B2B6-CBFC84E14121}.Debug|x86.ActiveCfg = Debug|Win32
		{8BBE6850-F581-4229-B2B6-CBFC84E14121}.Debug|x86.Build.0 = Debug|Win32
		{8BBE6850-F581-4229-B2B6-CBFC84E14121}.Release|x64.ActiveCfg = Release|x64
		{8BBE6850-F581-4229-B2B6-CBFC84E14121}.Release|x64.Build.0 = Release|x64
		{8BBE6850-F581-4229-B2B6-CBFC84E14121}.Release|x86.ActiveCfg = Release|Win32
		{8BBE6850-F581-4229-B2B6-CBFC84E14121}.Release|x86.Build.0 = Release|Win32
	EndGlobalSection
	GlobalSection(SolutionProperties) = preSolution
		HideSolutionNode = FALSE
	EndGlobalSection
	GlobalSection(ExtensibilityGlobals) = postSolution
		SolutionGuid = {A352FC8E-B425-4650-B550-22DF93752E18}
	EndGlobalSection
EndGlobal
