
Microsoft Visual Studio Solution File, Format Version 12.00
# Visual Studio Version 17
VisualStudioVersion = 17.0.31815.197
MinimumVisualStudioVersion = 10.0.40219.1
Project("{8BC9CEB8-8B4A-11D0-8D11-00A0C91BC942}") = "Project2", "Project2\Project2.vcxproj", "{CEBFA9CC-99B9-4CD7-AD90-8337F8D45688}"
EndProject
Global
	GlobalSection(SolutionConfigurationPlatforms) = preSolution
		Debug|x64 = Debug|x64
		Debug|x86 = Debug|x86
		Release|x64 = Release|x64
		Release|x86 = Release|x86
	EndGlobalSection
	GlobalSection(ProjectConfigurationPlatforms) = postSolution
		{CEBFA9CC-99B9-4CD7-AD90-8337F8D45688}.Debug|x64.ActiveCfg = Debug|x64
		{CEBFA9CC-99B9-4CD7-AD90-8337F8D45688}.Debug|x64.Build.0 = Debug|x64
		{CEBFA9CC-99B9-4CD7-AD90-8337F8D45688}.Debug|x86.ActiveCfg = Debug|Win32
		{CEBFA9CC-99B9-4CD7-AD90-8337F8D45688}.Debug|x86.Build.0 = Debug|Win32
		{CEBFA9CC-99B9-4CD7-AD90-8337F8D45688}.Release|x64.ActiveCfg = Release|x64
		{CEBFA9CC-99B9-4CD7-AD90-8337F8D45688}.Release|x64.Build.0 = Release|x64
		{CEBFA9CC-99B9-4CD7-AD90-8337F8D45688}.Release|x86.ActiveCfg = Release|Win32
		{CEBFA9CC-99B9-4CD7-AD90-8337F8D45688}.Release|x86.Build.0 = Release|Win32
	EndGlobalSection
	GlobalSection(SolutionProperties) = preSolution
		HideSolutionNode = FALSE
	EndGlobalSection
	GlobalSection(ExtensibilityGlobals) = postSolution
		SolutionGuid = {7DF1F9D4-50BA-427B-9606-65B4F43D5E31}
	EndGlobalSection
EndGlobal
